{
  "version": 4,
  "terraform_version": "1.1.7",
  "serial": 13,
  "lineage": "0513e954-b851-4c2b-603f-061c4afbf4fd",
  "outputs": {},
  "resources": [
    {
      "module": "module.appservice",
      "mode": "managed",
      "type": "azurerm_app_service",
      "name": "test",
      "provider": "provider[\"registry.terraform.io/hashicorp/azurerm\"]",
      "instances": [
        {
          "schema_version": 0,
          "attributes": {
            "app_service_plan_id": "/subscriptions/c4774376-bc4c-48e6-93eb-c0ac26c6345d/resourceGroups/dan-rodriguez-tm/providers/Microsoft.Web/serverfarms/tstate-AppService",
            "app_settings": {
              "WEBSITE_RUN_FROM_PACKAGE": "0"
            },
            "auth_settings": [
              {
                "active_directory": [],
                "additional_login_params": {},
                "allowed_external_redirect_urls": [],
                "default_provider": "",
                "enabled": false,
                "facebook": [],
                "google": [],
                "issuer": "",
                "microsoft": [],
                "runtime_version": "",
                "token_refresh_extension_hours": 0,
                "token_store_enabled": false,
                "twitter": [],
                "unauthenticated_client_action": ""
              }
            ],
            "backup": [],
            "client_affinity_enabled": false,
            "client_cert_enabled": false,
            "client_cert_mode": "Required",
            "connection_string": [],
            "custom_domain_verification_id": "19023D0942B880CE20535D3F288CCE414CA556EDE0ABB60D7EE2870587D53F42",
            "default_site_hostname": "tstate-appservice.azurewebsites.net",
            "enabled": true,
            "https_only": false,
            "id": "/subscriptions/c4774376-bc4c-48e6-93eb-c0ac26c6345d/resourceGroups/dan-rodriguez-tm/providers/Microsoft.Web/sites/tstate-AppService",
            "identity": [],
            "key_vault_reference_identity_id": "SystemAssigned",
            "location": "eastus",
            "logs": [
              {
                "application_logs": [
                  {
                    "azure_blob_storage": [],
                    "file_system_level": "Off"
                  }
                ],
                "detailed_error_messages_enabled": false,
                "failed_request_tracing_enabled": false,
                "http_logs": [
                  {
                    "azure_blob_storage": [],
                    "file_system": []
                  }
                ]
              }
            ],
            "name": "tstate-AppService",
            "outbound_ip_address_list": [
              "40.88.231.122",
              "20.75.152.30",
              "20.75.152.46",
              "20.75.152.51",
              "20.75.152.62",
              "20.75.152.80",
              "20.49.104.24"
            ],
            "outbound_ip_addresses": "40.88.231.122,20.75.152.30,20.75.152.46,20.75.152.51,20.75.152.62,20.75.152.80,20.49.104.24",
            "possible_outbound_ip_address_list": [
              "40.88.231.122",
              "20.75.152.30",
              "20.75.152.46",
              "20.75.152.51",
              "20.75.152.62",
              "20.75.152.80",
              "20.75.152.87",
              "20.75.152.93",
              "40.88.227.169",
              "20.75.152.98",
              "20.75.152.43",
              "20.75.152.108",
              "20.75.152.110",
              "20.75.152.119",
              "20.75.152.129",
              "20.75.152.2",
              "20.75.152.145",
              "20.75.152.148",
              "20.75.152.155",
              "20.75.152.160",
              "20.75.152.163",
              "20.75.152.167",
              "20.75.152.176",
              "20.75.152.188",
              "40.88.226.88",
              "40.88.227.252",
              "20.75.152.205",
              "52.186.163.208",
              "52.186.163.213",
              "52.186.163.227",
              "20.49.104.24"
            ],
            "possible_outbound_ip_addresses": "40.88.231.122,20.75.152.30,20.75.152.46,20.75.152.51,20.75.152.62,20.75.152.80,20.75.152.87,20.75.152.93,40.88.227.169,20.75.152.98,20.75.152.43,20.75.152.108,20.75.152.110,20.75.152.119,20.75.152.129,20.75.152.2,20.75.152.145,20.75.152.148,20.75.152.155,20.75.152.160,20.75.152.163,20.75.152.167,20.75.152.176,20.75.152.188,40.88.226.88,40.88.227.252,20.75.152.205,52.186.163.208,52.186.163.213,52.186.163.227,20.49.104.24",
            "resource_group_name": "dan-rodriguez-tm",
            "site_config": [
              {
                "acr_use_managed_identity_credentials": false,
                "acr_user_managed_identity_client_id": "",
                "always_on": false,
                "app_command_line": "",
                "auto_swap_slot_name": "",
                "cors": [],
                "default_documents": [
                  "Default.htm",
                  "Default.html",
                  "Default.asp",
                  "index.htm",
                  "index.html",
                  "iisstart.htm",
                  "default.aspx",
                  "index.php",
                  "hostingstart.html"
                ],
                "dotnet_framework_version": "v4.0",
                "ftps_state": "AllAllowed",
                "health_check_path": "",
                "http2_enabled": false,
                "ip_restriction": [],
                "java_container": "",
                "java_container_version": "",
                "java_version": "",
                "linux_fx_version": "",
                "local_mysql_enabled": false,
                "managed_pipeline_mode": "Integrated",
                "min_tls_version": "1.2",
                "number_of_workers": 1,
                "php_version": "5.6",
                "python_version": "",
                "remote_debugging_enabled": false,
                "remote_debugging_version": "",
                "scm_ip_restriction": [],
                "scm_type": "None",
                "scm_use_main_ip_restriction": false,
                "use_32_bit_worker_process": true,
                "vnet_route_all_enabled": false,
                "websockets_enabled": false,
                "windows_fx_version": ""
              }
            ],
            "site_credential": [
              {
                "password": "951Hl7Yvq1rhtmgTTnrudZt73hKRirMHF6vr2ob0Dnk0zcckgrXqfWQg4BKq",
                "username": "$tstate-AppService"
              }
            ],
            "source_control": [
              {
                "branch": "main",
                "manual_integration": false,
                "repo_url": "",
                "rollback_enabled": false,
                "use_mercurial": false
              }
            ],
            "storage_account": [],
            "tags": null,
            "timeouts": null
          },
          "sensitive_attributes": [],
          "private": "eyJlMmJmYjczMC1lY2FhLTExZTYtOGY4OC0zNDM2M2JjN2M0YzAiOnsiY3JlYXRlIjoxODAwMDAwMDAwMDAwLCJkZWxldGUiOjE4MDAwMDAwMDAwMDAsInJlYWQiOjMwMDAwMDAwMDAwMCwidXBkYXRlIjoxODAwMDAwMDAwMDAwfX0=",
          "dependencies": [
            "module.appservice.azurerm_app_service_plan.test"
          ]
        }
      ]
    },
    {
      "module": "module.appservice",
      "mode": "managed",
      "type": "azurerm_app_service_plan",
      "name": "test",
      "provider": "provider[\"registry.terraform.io/hashicorp/azurerm\"]",
      "instances": [
        {
          "schema_version": 0,
          "attributes": {
            "app_service_environment_id": "",
            "id": "/subscriptions/c4774376-bc4c-48e6-93eb-c0ac26c6345d/resourceGroups/dan-rodriguez-tm/providers/Microsoft.Web/serverfarms/tstate-AppService",
            "is_xenon": false,
            "kind": "Windows",
            "location": "eastus",
            "maximum_elastic_worker_count": 1,
            "maximum_number_of_workers": 1,
            "name": "tstate-AppService",
            "per_site_scaling": false,
            "reserved": false,
            "resource_group_name": "dan-rodriguez-tm",
            "sku": [
              {
                "capacity": 0,
                "size": "F1",
                "tier": "Free"
              }
            ],
            "tags": null,
            "timeouts": null,
            "zone_redundant": false
          },
          "sensitive_attributes": [],
          "private": "eyJlMmJmYjczMC1lY2FhLTExZTYtOGY4OC0zNDM2M2JjN2M0YzAiOnsiY3JlYXRlIjozNjAwMDAwMDAwMDAwLCJkZWxldGUiOjM2MDAwMDAwMDAwMDAsInJlYWQiOjMwMDAwMDAwMDAwMCwidXBkYXRlIjozNjAwMDAwMDAwMDAwfX0="
        }
      ]
    },
    {
      "module": "module.network",
      "mode": "managed",
      "type": "azurerm_subnet",
      "name": "test",
      "provider": "provider[\"registry.terraform.io/hashicorp/azurerm\"]",
      "instances": [
        {
          "schema_version": 0,
          "attributes": {
            "address_prefixes": [
              "10.0.1.0/24"
            ],
            "delegation": [],
            "enforce_private_link_endpoint_network_policies": false,
            "enforce_private_link_service_network_policies": false,
            "id": "/subscriptions/c4774376-bc4c-48e6-93eb-c0ac26c6345d/resourceGroups/dan-rodriguez-tm/providers/Microsoft.Network/virtualNetworks/tstate-NET/subnets/tstate-NET-sub",
            "name": "tstate-NET-sub",
            "resource_group_name": "dan-rodriguez-tm",
            "service_endpoint_policy_ids": null,
            "service_endpoints": null,
            "timeouts": null,
            "virtual_network_name": "tstate-NET"
          },
          "sensitive_attributes": [],
          "private": "eyJlMmJmYjczMC1lY2FhLTExZTYtOGY4OC0zNDM2M2JjN2M0YzAiOnsiY3JlYXRlIjoxODAwMDAwMDAwMDAwLCJkZWxldGUiOjE4MDAwMDAwMDAwMDAsInJlYWQiOjMwMDAwMDAwMDAwMCwidXBkYXRlIjoxODAwMDAwMDAwMDAwfX0=",
          "dependencies": [
            "module.network.azurerm_virtual_network.test"
          ]
        }
      ]
    },
    {
      "module": "module.network",
      "mode": "managed",
      "type": "azurerm_virtual_network",
      "name": "test",
      "provider": "provider[\"registry.terraform.io/hashicorp/azurerm\"]",
      "instances": [
        {
          "schema_version": 0,
          "attributes": {
            "address_space": [
              "10.0.0.0/16"
            ],
            "bgp_community": "",
            "ddos_protection_plan": [],
            "dns_servers": [],
            "edge_zone": "",
            "flow_timeout_in_minutes": 0,
            "guid": "82459c44-a956-4fbe-888c-8401fea473e9",
            "id": "/subscriptions/c4774376-bc4c-48e6-93eb-c0ac26c6345d/resourceGroups/dan-rodriguez-tm/providers/Microsoft.Network/virtualNetworks/tstate-NET",
            "location": "eastus",
            "name": "tstate-NET",
            "resource_group_name": "dan-rodriguez-tm",
            "subnet": [],
            "tags": null,
            "timeouts": null
          },
          "sensitive_attributes": [],
          "private": "eyJlMmJmYjczMC1lY2FhLTExZTYtOGY4OC0zNDM2M2JjN2M0YzAiOnsiY3JlYXRlIjoxODAwMDAwMDAwMDAwLCJkZWxldGUiOjE4MDAwMDAwMDAwMDAsInJlYWQiOjMwMDAwMDAwMDAwMCwidXBkYXRlIjoxODAwMDAwMDAwMDAwfX0="
        }
      ]
    },
    {
      "module": "module.nsg",
      "mode": "managed",
      "type": "azurerm_network_security_group",
      "name": "nsg",
      "provider": "provider[\"registry.terraform.io/hashicorp/azurerm\"]",
      "instances": [
        {
          "schema_version": 0,
          "attributes": {
            "id": "/subscriptions/c4774376-bc4c-48e6-93eb-c0ac26c6345d/resourceGroups/dan-rodriguez-tm/providers/Microsoft.Network/networkSecurityGroups/tstate-NSG",
            "location": "eastus",
            "name": "tstate-NSG",
            "resource_group_name": "dan-rodriguez-tm",
            "security_rule": [
              {
                "access": "Allow",
                "description": "",
                "destination_address_prefix": "*",
                "destination_address_prefixes": [],
                "destination_application_security_group_ids": [],
                "destination_port_range": "22",
                "destination_port_ranges": [],
                "direction": "Inbound",
                "name": "SSH",
                "priority": 1001,
                "protocol": "Tcp",
                "source_address_prefix": "*",
                "source_address_prefixes": [],
                "source_application_security_group_ids": [],
                "source_port_range": "*",
                "source_port_ranges": []
              },
              {
                "access": "Allow",
                "description": "",
                "destination_address_prefix": "*",
                "destination_address_prefixes": [],
                "destination_application_security_group_ids": [],
                "destination_port_range": "5000",
                "destination_port_ranges": [],
                "direction": "Inbound",
                "name": "tstate-NSG-5000",
                "priority": 100,
                "protocol": "Tcp",
                "source_address_prefix": "10.0.1.0/24",
                "source_address_prefixes": [],
                "source_application_security_group_ids": [],
                "source_port_range": "*",
                "source_port_ranges": []
              }
            ],
            "tags": null,
            "timeouts": null
          },
          "sensitive_attributes": [],
          "private": "eyJlMmJmYjczMC1lY2FhLTExZTYtOGY4OC0zNDM2M2JjN2M0YzAiOnsiY3JlYXRlIjoxODAwMDAwMDAwMDAwLCJkZWxldGUiOjE4MDAwMDAwMDAwMDAsInJlYWQiOjMwMDAwMDAwMDAwMCwidXBkYXRlIjoxODAwMDAwMDAwMDAwfX0="
        }
      ]
    },
    {
      "module": "module.nsg",
      "mode": "managed",
      "type": "azurerm_subnet_network_security_group_association",
      "name": "test",
      "provider": "provider[\"registry.terraform.io/hashicorp/azurerm\"]",
      "instances": [
        {
          "schema_version": 0,
          "attributes": {
            "id": "/subscriptions/c4774376-bc4c-48e6-93eb-c0ac26c6345d/resourceGroups/dan-rodriguez-tm/providers/Microsoft.Network/virtualNetworks/tstate-NET/subnets/tstate-NET-sub",
            "network_security_group_id": "/subscriptions/c4774376-bc4c-48e6-93eb-c0ac26c6345d/resourceGroups/dan-rodriguez-tm/providers/Microsoft.Network/networkSecurityGroups/tstate-NSG",
            "subnet_id": "/subscriptions/c4774376-bc4c-48e6-93eb-c0ac26c6345d/resourceGroups/dan-rodriguez-tm/providers/Microsoft.Network/virtualNetworks/tstate-NET/subnets/tstate-NET-sub",
            "timeouts": null
          },
          "sensitive_attributes": [],
          "private": "eyJlMmJmYjczMC1lY2FhLTExZTYtOGY4OC0zNDM2M2JjN2M0YzAiOnsiY3JlYXRlIjoxODAwMDAwMDAwMDAwLCJkZWxldGUiOjE4MDAwMDAwMDAwMDAsInJlYWQiOjMwMDAwMDAwMDAwMCwidXBkYXRlIjoxODAwMDAwMDAwMDAwfX0=",
          "dependencies": [
            "module.network.azurerm_subnet.test",
            "module.network.azurerm_virtual_network.test",
            "module.nsg.azurerm_network_security_group.nsg"
          ]
        }
      ]
    },
    {
      "module": "module.publicip",
      "mode": "managed",
      "type": "azurerm_network_interface",
      "name": "myterraformnic",
      "provider": "provider[\"registry.terraform.io/hashicorp/azurerm\"]",
      "instances": [
        {
          "schema_version": 0,
          "attributes": {
            "applied_dns_servers": [],
            "dns_servers": [],
            "edge_zone": "",
            "enable_accelerated_networking": false,
            "enable_ip_forwarding": false,
            "id": "/subscriptions/c4774376-bc4c-48e6-93eb-c0ac26c6345d/resourceGroups/dan-rodriguez-tm/providers/Microsoft.Network/networkInterfaces/myNIC",
            "internal_dns_name_label": "",
            "internal_domain_name_suffix": "isoelaswvg5e5cemqqa53jdt3b.bx.internal.cloudapp.net",
            "ip_configuration": [
              {
                "gateway_load_balancer_frontend_ip_configuration_id": "",
                "name": "myNicConfiguration",
                "primary": true,
                "private_ip_address": "10.0.1.4",
                "private_ip_address_allocation": "Dynamic",
                "private_ip_address_version": "IPv4",
                "public_ip_address_id": "/subscriptions/c4774376-bc4c-48e6-93eb-c0ac26c6345d/resourceGroups/dan-rodriguez-tm/providers/Microsoft.Network/publicIPAddresses/tstate-publicip-pubip",
                "subnet_id": "/subscriptions/c4774376-bc4c-48e6-93eb-c0ac26c6345d/resourceGroups/dan-rodriguez-tm/providers/Microsoft.Network/virtualNetworks/tstate-NET/subnets/tstate-NET-sub"
              }
            ],
            "location": "eastus",
            "mac_address": "",
            "name": "myNIC",
            "private_ip_address": "10.0.1.4",
            "private_ip_addresses": [
              "10.0.1.4"
            ],
            "resource_group_name": "dan-rodriguez-tm",
            "tags": null,
            "timeouts": null,
            "virtual_machine_id": ""
          },
          "sensitive_attributes": [],
          "private": "eyJlMmJmYjczMC1lY2FhLTExZTYtOGY4OC0zNDM2M2JjN2M0YzAiOnsiY3JlYXRlIjoxODAwMDAwMDAwMDAwLCJkZWxldGUiOjE4MDAwMDAwMDAwMDAsInJlYWQiOjMwMDAwMDAwMDAwMCwidXBkYXRlIjoxODAwMDAwMDAwMDAwfX0=",
          "dependencies": [
            "module.network.azurerm_subnet.test",
            "module.network.azurerm_virtual_network.test",
            "module.publicip.azurerm_public_ip.test"
          ]
        }
      ]
    },
    {
      "module": "module.publicip",
      "mode": "managed",
      "type": "azurerm_public_ip",
      "name": "test",
      "provider": "provider[\"registry.terraform.io/hashicorp/azurerm\"]",
      "instances": [
        {
          "schema_version": 0,
          "attributes": {
            "allocation_method": "Dynamic",
            "domain_name_label": null,
            "edge_zone": "",
            "fqdn": null,
            "id": "/subscriptions/c4774376-bc4c-48e6-93eb-c0ac26c6345d/resourceGroups/dan-rodriguez-tm/providers/Microsoft.Network/publicIPAddresses/tstate-publicip-pubip",
            "idle_timeout_in_minutes": 4,
            "ip_address": "",
            "ip_tags": null,
            "ip_version": "IPv4",
            "location": "eastus",
            "name": "tstate-publicip-pubip",
            "public_ip_prefix_id": null,
            "resource_group_name": "dan-rodriguez-tm",
            "reverse_fqdn": null,
            "sku": "Basic",
            "sku_tier": "Regional",
            "tags": null,
            "timeouts": null,
            "zones": null
          },
          "sensitive_attributes": [],
          "private": "eyJlMmJmYjczMC1lY2FhLTExZTYtOGY4OC0zNDM2M2JjN2M0YzAiOnsiY3JlYXRlIjoxODAwMDAwMDAwMDAwLCJkZWxldGUiOjE4MDAwMDAwMDAwMDAsInJlYWQiOjMwMDAwMDAwMDAwMCwidXBkYXRlIjoxODAwMDAwMDAwMDAwfX0="
        }
      ]
    },
    {
      "module": "module.resource_group",
      "mode": "data",
      "type": "azurerm_resource_group",
      "name": "test",
      "provider": "provider[\"registry.terraform.io/hashicorp/azurerm\"]",
      "instances": [
        {
          "schema_version": 0,
          "attributes": {
            "id": "/subscriptions/c4774376-bc4c-48e6-93eb-c0ac26c6345d/resourceGroups/dan-rodriguez-tm",
            "location": "eastus",
            "name": "dan-rodriguez-tm",
            "tags": {},
            "timeouts": null
          },
          "sensitive_attributes": []
        }
      ]
    },
    {
      "module": "module.security",
      "mode": "managed",
      "type": "tls_private_key",
      "name": "example_ssh",
      "provider": "provider[\"registry.terraform.io/hashicorp/tls\"]",
      "instances": [
        {
          "schema_version": 0,
          "attributes": {
            "algorithm": "RSA",
            "ecdsa_curve": "P224",
            "id": "63567c780631b827490967814c383c8bec0bf72d",
            "private_key_openssh": "-----BEGIN OPENSSH PRIVATE KEY-----\nb3BlbnNzaC1rZXktdjEAAAAABG5vbmUAAAAEbm9uZQAAAAAAAAABAAACFwAAAAdz\nc2gtcnNhAAAAAwEAAQAAAgEAvqKaJCC3J8WXu6PU4+Gw5lbSga2ln5ak0TBd0wzE\nBcXk7iWMWPV3KUAbW8Pf+r1IxSr3BaAohoC+YfgZBKQI5QdF5uumybdXvv/044RL\n0mLHMaB66rj85PJvVcEfcdwfH1lr/2ZcP199ijnYEhoKIJkCjfCASnJMwtkfSpvt\niNhLAAlnpWaF2m3StqB1Jr4NDXH0LJTbXU/M9ud3X4G04AGIsL6nPeUQBy5LyhvU\niNdDn6ljWKIlRP6PzWrbsMZZFWOYwA2RP9MWLijGyE3edC7Jdil0QcNSIG78zY1D\nCI2P3GjNe/Y3+MICZao2iWboQBfEbK60oZwSDBx35qRyHNjtQPuGWvhT7CQO4I9t\nz/JSYD74hxsV7jPc+upn7HlWUvcmM2IB8IvEqT9iXtn+I5O2SQlat3OBXeZDZT77\nvOhfXPhkOw5eCzquT5v6jyn1Xkm8ln7whBgWmJjizThe0QoWOvV+uDVUubIWvAoo\nK4sqiDz1o73MHUsJiKeFphLDp0BfO6qn8C324gRG2u2D+ETZo0gKXi1DtG+iU7ac\nz8nDgMIneX8BKERj9c35lXyERJ2lrFgYFYJxSVg/WeXoyxPN+v3z5h2qepDAjIbw\n/RlBRToCLN+FVspDFqqSL558/GABji2OhGfiSCTApG8D9Ky4ZWSzPD+CoVywVMTa\ncpkAAAc4SX8G/kl/Bv4AAAAHc3NoLXJzYQAAAgEAvqKaJCC3J8WXu6PU4+Gw5lbS\nga2ln5ak0TBd0wzEBcXk7iWMWPV3KUAbW8Pf+r1IxSr3BaAohoC+YfgZBKQI5QdF\n5uumybdXvv/044RL0mLHMaB66rj85PJvVcEfcdwfH1lr/2ZcP199ijnYEhoKIJkC\njfCASnJMwtkfSpvtiNhLAAlnpWaF2m3StqB1Jr4NDXH0LJTbXU/M9ud3X4G04AGI\nsL6nPeUQBy5LyhvUiNdDn6ljWKIlRP6PzWrbsMZZFWOYwA2RP9MWLijGyE3edC7J\ndil0QcNSIG78zY1DCI2P3GjNe/Y3+MICZao2iWboQBfEbK60oZwSDBx35qRyHNjt\nQPuGWvhT7CQO4I9tz/JSYD74hxsV7jPc+upn7HlWUvcmM2IB8IvEqT9iXtn+I5O2\nSQlat3OBXeZDZT77vOhfXPhkOw5eCzquT5v6jyn1Xkm8ln7whBgWmJjizThe0QoW\nOvV+uDVUubIWvAooK4sqiDz1o73MHUsJiKeFphLDp0BfO6qn8C324gRG2u2D+ETZ\no0gKXi1DtG+iU7acz8nDgMIneX8BKERj9c35lXyERJ2lrFgYFYJxSVg/WeXoyxPN\n+v3z5h2qepDAjIbw/RlBRToCLN+FVspDFqqSL558/GABji2OhGfiSCTApG8D9Ky4\nZWSzPD+CoVywVMTacpkAAAADAQABAAACAGESs6MJ9boO6ADooBOabVYdh/v4zInD\nUBIlquE5cuftqXGLNThnZlJfDo9f4sHveQrNohP/RiOXk1qX10WBsfXOCk5YWQoG\njmv4Ml9YkrODESO4MF8t67k5qm/kc3qrOD3ibxgSq46ptWeZpOky0U1gHOjiOrGu\nGmBt5306gW5ZlXdjUp/q4OYlXlMYyg78X/Ekwc2hz0JozFo96496oPwgS9aUft0J\ns2u0q2szWLqFwy2eN7R+fLPxXJChhVUy61H08Wd6gSga+QRwRyjgXhKTcIr2+Pgz\n2bIiUiDpeeT1EPiPdXNWIZJOWKIkVrkI6eMZNzCQlfJlYts/895Chsg/b0V+pYmG\nQzgN+kszgIEVODT+ntjo4H5fVMa0aaSo7jaPMfmupcs4rtpxR8eQJlB5ooNJ4yv9\nS9x1K87pOHtZS9TVyScdhhDoOdOZpMNlYtpNPth7qqzazTP6jgJXt9/yWlWbFJ/5\n3MY0zg67ARkPhYzbV58nlMsvLEMl7BwcfSTTa//clQlhtSQ9YNsJukrZxm7B7OEV\nvu/cJobbn66u8lCIzAv2wDZ1mGY5o866LLBoiRsBByjRzwfJ6jlfd71ZqgDrYx4s\noSfzcnSIsjH4+i7k1K2fz8f4KKOZDmIZ/OLOkCMtDu1Anvq6HZl4C2tGsuvzWcfJ\n0qZQSX0wbM6xAAABAGRFzvaSzZ22rkv6mVQEvCe1D0kUeVC/8h883nyrvjXS0aSa\nwCxZm28g/hbtOKaggSdgeyo2wGRBIc71vyFMEJm1pQTq4UR5kOA2G4nnmBlsURRy\n65oDqo0cwTjudRoQbHW16MW4Ln/BM1PsWa1GBOz4+90bJ6zRch2whZGWknZ3/V7x\n2P/UT4VDox269I02pr1OifU+9uzB9iJlS3As6KUvXMHM5mIafOOxakkd6tDDVv5U\nPGRf7+7TAsC7o1DHWvv9nxj8moNUnl77AJI+ErCb2hTiKlxts405xCxu8MIAA2Ub\nYAQajd9nsC4kc0OrN3YnSU/ZCD+EM2BIypE1F70AAAEBAMY34HCg3dX127M11FcT\nPlIv0i/3X8d6CKtyT51WFEoe9ek3KnP55NwVLvCqnpDqs9QUavL8aZHF+PPVsXoG\nr8Vu6z5I6ni1yo3aQNbqHoKukRSWDzRd4lVIh9cMF+jcCC2Sj/jFRh8seIuRMJoO\nowNFUZ3fRA9UrK1hG8gE2eR76OBuatUJD99w+U5J1ZUW2ePySuhOXKgDZhk0U8Bv\nT8NWJ2U5gGUkOSx1ckrJanFdZmjDDRUPf+VELeEs5aDS+DgjuJXG7ixozLX/ikqG\nXSdJKPvj0SZX33ZtfV/K9qNoXzYEnFzWNHDUVpBHuN444wAlxcNqr1QsEFSN+rid\nJicAAAEBAPY01UBXPA3dU0r+9vErEJ10nmRHFkSnp409m9uQvzfgvs3cT4ekPuEp\n2pgZC35UY/8v/Zjhhuuk6318+4BptYTUKuUcaZpANr8YZKjU710Qfho7QgRvR4mX\n6rXbRflskllKUa9KYBYe7QhLpZKm1aLQ9XDffaqR7hWrOv6AA86YvYq9Ncgc0hQs\nNB0kFDUhBFOzFeimqD1LzOMZcPSvdie+JSUcNWe1P+7aobC1ThHoKPHETzh2JO7z\nh/U7HdGkWLFTV2JoHbeDfiK4mfI7OkNvYbBj/jllnsm/99kzNRyYfUmCUP06FvT3\nVZJx1dQTy9nQvTkYuFc8i4wj2A3R2T8AAAAAAQID\n-----END OPENSSH PRIVATE KEY-----\n",
            "private_key_pem": "-----BEGIN RSA PRIVATE KEY-----\nMIIJJwIBAAKCAgEAvqKaJCC3J8WXu6PU4+Gw5lbSga2ln5ak0TBd0wzEBcXk7iWM\nWPV3KUAbW8Pf+r1IxSr3BaAohoC+YfgZBKQI5QdF5uumybdXvv/044RL0mLHMaB6\n6rj85PJvVcEfcdwfH1lr/2ZcP199ijnYEhoKIJkCjfCASnJMwtkfSpvtiNhLAAln\npWaF2m3StqB1Jr4NDXH0LJTbXU/M9ud3X4G04AGIsL6nPeUQBy5LyhvUiNdDn6lj\nWKIlRP6PzWrbsMZZFWOYwA2RP9MWLijGyE3edC7Jdil0QcNSIG78zY1DCI2P3GjN\ne/Y3+MICZao2iWboQBfEbK60oZwSDBx35qRyHNjtQPuGWvhT7CQO4I9tz/JSYD74\nhxsV7jPc+upn7HlWUvcmM2IB8IvEqT9iXtn+I5O2SQlat3OBXeZDZT77vOhfXPhk\nOw5eCzquT5v6jyn1Xkm8ln7whBgWmJjizThe0QoWOvV+uDVUubIWvAooK4sqiDz1\no73MHUsJiKeFphLDp0BfO6qn8C324gRG2u2D+ETZo0gKXi1DtG+iU7acz8nDgMIn\neX8BKERj9c35lXyERJ2lrFgYFYJxSVg/WeXoyxPN+v3z5h2qepDAjIbw/RlBRToC\nLN+FVspDFqqSL558/GABji2OhGfiSCTApG8D9Ky4ZWSzPD+CoVywVMTacpkCAwEA\nAQKCAgBhErOjCfW6DugA6KATmm1WHYf7+MyJw1ASJarhOXLn7alxizU4Z2ZSXw6P\nX+LB73kKzaIT/0Yjl5Nal9dFgbH1zgpOWFkKBo5r+DJfWJKzgxEjuDBfLeu5Oapv\n5HN6qzg94m8YEquOqbVnmaTpMtFNYBzo4jqxrhpgbed9OoFuWZV3Y1Kf6uDmJV5T\nGMoO/F/xJMHNoc9CaMxaPeuPeqD8IEvWlH7dCbNrtKtrM1i6hcMtnje0fnyz8VyQ\noYVVMutR9PFneoEoGvkEcEco4F4Sk3CK9vj4M9myIlIg6Xnk9RD4j3VzViGSTlii\nJFa5COnjGTcwkJXyZWLbP/PeQobIP29FfqWJhkM4DfpLM4CBFTg0/p7Y6OB+X1TG\ntGmkqO42jzH5rqXLOK7acUfHkCZQeaKDSeMr/UvcdSvO6Th7WUvU1cknHYYQ6DnT\nmaTDZWLaTT7Ye6qs2s0z+o4CV7ff8lpVmxSf+dzGNM4OuwEZD4WM21efJ5TLLyxD\nJewcHH0k02v/3JUJYbUkPWDbCbpK2cZuwezhFb7v3CaG25+urvJQiMwL9sA2dZhm\nOaPOuiywaIkbAQco0c8Hyeo5X3e9WaoA62MeLKEn83J0iLIx+Pou5NStn8/H+Cij\nmQ5iGfzizpAjLQ7tQJ76uh2ZeAtrRrLr81nHydKmUEl9MGzOsQKCAQEAxjfgcKDd\n1fXbszXUVxM+Ui/SL/dfx3oIq3JPnVYUSh716Tcqc/nk3BUu8KqekOqz1BRq8vxp\nkcX489WxegavxW7rPkjqeLXKjdpA1uoegq6RFJYPNF3iVUiH1wwX6NwILZKP+MVG\nHyx4i5Ewmg6jA0VRnd9ED1SsrWEbyATZ5Hvo4G5q1QkP33D5TknVlRbZ4/JK6E5c\nqANmGTRTwG9Pw1YnZTmAZSQ5LHVySslqcV1maMMNFQ9/5UQt4SzloNL4OCO4lcbu\nLGjMtf+KSoZdJ0ko++PRJlffdm19X8r2o2hfNgScXNY0cNRWkEe43jjjACXFw2qv\nVCwQVI36uJ0mJwKCAQEA9jTVQFc8Dd1TSv728SsQnXSeZEcWRKenjT2b25C/N+C+\nzdxPh6Q+4SnamBkLflRj/y/9mOGG66TrfXz7gGm1hNQq5RxpmkA2vxhkqNTvXRB+\nGjtCBG9HiZfqtdtF+WySWUpRr0pgFh7tCEulkqbVotD1cN99qpHuFas6/oADzpi9\nir01yBzSFCw0HSQUNSEEU7MV6KaoPUvM4xlw9K92J74lJRw1Z7U/7tqhsLVOEego\n8cRPOHYk7vOH9Tsd0aRYsVNXYmgdt4N+IriZ8js6Q29hsGP+OWWeyb/32TM1HJh9\nSYJQ/ToW9PdVknHV1BPL2dC9ORi4VzyLjCPYDdHZPwKCAQBQFh1xhB19KDPXKYWc\nlOLWNAoZZTpmjzDXjH0MVc4m0HGNA8P8Tdgg79IiXN1qMdnscz9u43sH8dQPOKTX\nZ8I25ATaCn3pvZGUVL1j1/3x0PQ/PA3ym4gp6v8vbOxwIg6P0yqmWZZmXAJsaYIY\njJdiZ+x8+8s04oJOHvEplIQw47uIijRR1LJ8Fdo0vnI0JaJtjeSkDZ00KQNkZZb9\nJjw08SdDp8Lvmn4bL2y5OL3wBcutwjkT7EpBaJWc6BXzL6oojI40vcZXXRRw6EmI\nqNcUW2PaugY0Fsbrw3snbArQpQfq/FvsyoMvnytGaiQQbS2STrCjrwQd3xvN/fty\nAdR7AoIBAER8Uc2B9oyMwjycS6iuKAMEi4KtW35hfHQHbTFYRDiQ5cJxxBWhFHSh\npdKlNNNBOkej29EI+vTVfUP83iDMRtfaBMySaLWloxTo/icQhDzI96roTOba5XVa\nssk/Y2mMT/FSgQJXl/7PP3QNRtNSYR7XLU7mfBhUW3vfk5tzlJuFVUQgebNegPln\nil+Ix643rvJxYGjE4wuZ6DZLv2Xw4NcRR1fZTum4Oz5/xnZXGI5Wm/0UdEzqYD+v\nsmP+u76zDpDU8/vFpm6DvzR9USVWYFCdzPi599+TauYH5jOe0OlRaZhnDYxC+lvN\n6RnBXI+Pqia+r8QQIkbx6odi+RhvBRUCggEAZEXO9pLNnbauS/qZVAS8J7UPSRR5\nUL/yHzzefKu+NdLRpJrALFmbbyD+Fu04pqCBJ2B7KjbAZEEhzvW/IUwQmbWlBOrh\nRHmQ4DYbieeYGWxRFHLrmgOqjRzBOO51GhBsdbXoxbguf8EzU+xZrUYE7Pj73Rsn\nrNFyHbCFkZaSdnf9XvHY/9RPhUOjHbr0jTamvU6J9T727MH2ImVLcCzopS9cwczm\nYhp847FqSR3q0MNW/lQ8ZF/v7tMCwLujUMda+/2fGPyag1SeXvsAkj4SsJvaFOIq\nXG2zjTnELG7wwgADZRtgBBqN32ewLiRzQ6s3didJT9kIP4QzYEjKkTUXvQ==\n-----END RSA PRIVATE KEY-----\n",
            "public_key_fingerprint_md5": "7f:05:63:cc:58:73:b2:d1:a5:b2:f8:8a:30:4d:38:50",
            "public_key_fingerprint_sha256": "SHA256:Eru6aKoQsoMluUZnVXBYQOqGrWi1bQPHxCzxBRgyVbo",
            "public_key_openssh": "ssh-rsa AAAAB3NzaC1yc2EAAAADAQABAAACAQC+opokILcnxZe7o9Tj4bDmVtKBraWflqTRMF3TDMQFxeTuJYxY9XcpQBtbw9/6vUjFKvcFoCiGgL5h+BkEpAjlB0Xm66bJt1e+//TjhEvSYscxoHrquPzk8m9VwR9x3B8fWWv/Zlw/X32KOdgSGgogmQKN8IBKckzC2R9Km+2I2EsACWelZoXabdK2oHUmvg0NcfQslNtdT8z253dfgbTgAYiwvqc95RAHLkvKG9SI10OfqWNYoiVE/o/NatuwxlkVY5jADZE/0xYuKMbITd50Lsl2KXRBw1IgbvzNjUMIjY/caM179jf4wgJlqjaJZuhAF8RsrrShnBIMHHfmpHIc2O1A+4Za+FPsJA7gj23P8lJgPviHGxXuM9z66mfseVZS9yYzYgHwi8SpP2Je2f4jk7ZJCVq3c4Fd5kNlPvu86F9c+GQ7Dl4LOq5Pm/qPKfVeSbyWfvCEGBaYmOLNOF7RChY69X64NVS5sha8CigriyqIPPWjvcwdSwmIp4WmEsOnQF87qqfwLfbiBEba7YP4RNmjSApeLUO0b6JTtpzPycOAwid5fwEoRGP1zfmVfIREnaWsWBgVgnFJWD9Z5ejLE836/fPmHap6kMCMhvD9GUFFOgIs34VWykMWqpIvnnz8YAGOLY6EZ+JIJMCkbwP0rLhlZLM8P4KhXLBUxNpymQ==\n",
            "public_key_pem": "-----BEGIN PUBLIC KEY-----\nMIICIjANBgkqhkiG9w0BAQEFAAOCAg8AMIICCgKCAgEAvqKaJCC3J8WXu6PU4+Gw\n5lbSga2ln5ak0TBd0wzEBcXk7iWMWPV3KUAbW8Pf+r1IxSr3BaAohoC+YfgZBKQI\n5QdF5uumybdXvv/044RL0mLHMaB66rj85PJvVcEfcdwfH1lr/2ZcP199ijnYEhoK\nIJkCjfCASnJMwtkfSpvtiNhLAAlnpWaF2m3StqB1Jr4NDXH0LJTbXU/M9ud3X4G0\n4AGIsL6nPeUQBy5LyhvUiNdDn6ljWKIlRP6PzWrbsMZZFWOYwA2RP9MWLijGyE3e\ndC7Jdil0QcNSIG78zY1DCI2P3GjNe/Y3+MICZao2iWboQBfEbK60oZwSDBx35qRy\nHNjtQPuGWvhT7CQO4I9tz/JSYD74hxsV7jPc+upn7HlWUvcmM2IB8IvEqT9iXtn+\nI5O2SQlat3OBXeZDZT77vOhfXPhkOw5eCzquT5v6jyn1Xkm8ln7whBgWmJjizThe\n0QoWOvV+uDVUubIWvAooK4sqiDz1o73MHUsJiKeFphLDp0BfO6qn8C324gRG2u2D\n+ETZo0gKXi1DtG+iU7acz8nDgMIneX8BKERj9c35lXyERJ2lrFgYFYJxSVg/WeXo\nyxPN+v3z5h2qepDAjIbw/RlBRToCLN+FVspDFqqSL558/GABji2OhGfiSCTApG8D\n9Ky4ZWSzPD+CoVywVMTacpkCAwEAAQ==\n-----END PUBLIC KEY-----\n",
            "rsa_bits": 4096
          },
          "sensitive_attributes": [],
          "private": "bnVsbA=="
        }
      ]
    },
    {
      "module": "module.vm",
      "mode": "managed",
      "type": "azurerm_linux_virtual_machine",
      "name": "myterraformvm",
      "provider": "provider[\"registry.terraform.io/hashicorp/azurerm\"]",
      "instances": [
        {
          "schema_version": 0,
          "attributes": {
            "additional_capabilities": [],
            "admin_password": null,
            "admin_ssh_key": [
              {
                "public_key": "ssh-rsa AAAAB3NzaC1yc2EAAAADAQABAAACAQC+opokILcnxZe7o9Tj4bDmVtKBraWflqTRMF3TDMQFxeTuJYxY9XcpQBtbw9/6vUjFKvcFoCiGgL5h+BkEpAjlB0Xm66bJt1e+//TjhEvSYscxoHrquPzk8m9VwR9x3B8fWWv/Zlw/X32KOdgSGgogmQKN8IBKckzC2R9Km+2I2EsACWelZoXabdK2oHUmvg0NcfQslNtdT8z253dfgbTgAYiwvqc95RAHLkvKG9SI10OfqWNYoiVE/o/NatuwxlkVY5jADZE/0xYuKMbITd50Lsl2KXRBw1IgbvzNjUMIjY/caM179jf4wgJlqjaJZuhAF8RsrrShnBIMHHfmpHIc2O1A+4Za+FPsJA7gj23P8lJgPviHGxXuM9z66mfseVZS9yYzYgHwi8SpP2Je2f4jk7ZJCVq3c4Fd5kNlPvu86F9c+GQ7Dl4LOq5Pm/qPKfVeSbyWfvCEGBaYmOLNOF7RChY69X64NVS5sha8CigriyqIPPWjvcwdSwmIp4WmEsOnQF87qqfwLfbiBEba7YP4RNmjSApeLUO0b6JTtpzPycOAwid5fwEoRGP1zfmVfIREnaWsWBgVgnFJWD9Z5ejLE836/fPmHap6kMCMhvD9GUFFOgIs34VWykMWqpIvnnz8YAGOLY6EZ+JIJMCkbwP0rLhlZLM8P4KhXLBUxNpymQ==\n",
                "username": "azureuser"
              }
            ],
            "admin_username": "azureuser",
            "allow_extension_operations": true,
            "availability_set_id": "",
            "boot_diagnostics": [
              {
                "storage_account_uri": "https://diagf90471bfb8239810.blob.core.windows.net/"
              }
            ],
            "computer_name": "myvm",
            "custom_data": null,
            "dedicated_host_group_id": "",
            "dedicated_host_id": "",
            "disable_password_authentication": true,
            "edge_zone": "",
            "encryption_at_host_enabled": false,
            "eviction_policy": "",
            "extensions_time_budget": "PT1H30M",
            "id": "/subscriptions/c4774376-bc4c-48e6-93eb-c0ac26c6345d/resourceGroups/dan-rodriguez-tm/providers/Microsoft.Compute/virtualMachines/myVM",
            "identity": [],
            "license_type": "",
            "location": "eastus",
            "max_bid_price": -1,
            "name": "myVM",
            "network_interface_ids": [
              "/subscriptions/c4774376-bc4c-48e6-93eb-c0ac26c6345d/resourceGroups/dan-rodriguez-tm/providers/Microsoft.Network/networkInterfaces/myNIC"
            ],
            "os_disk": [
              {
                "caching": "ReadWrite",
                "diff_disk_settings": [],
                "disk_encryption_set_id": "",
                "disk_size_gb": 30,
                "name": "myOsDisk",
                "storage_account_type": "Standard_LRS",
                "write_accelerator_enabled": false
              }
            ],
            "patch_mode": "ImageDefault",
            "plan": [],
            "platform_fault_domain": -1,
            "priority": "Regular",
            "private_ip_address": "10.0.1.4",
            "private_ip_addresses": [
              "10.0.1.4"
            ],
            "provision_vm_agent": true,
            "proximity_placement_group_id": "",
            "public_ip_address": "20.232.210.18",
            "public_ip_addresses": [
              "20.232.210.18"
            ],
            "resource_group_name": "dan-rodriguez-tm",
            "secret": [],
            "secure_boot_enabled": false,
            "size": "Standard_DS1_v2",
            "source_image_id": "",
            "source_image_reference": [
              {
                "offer": "UbuntuServer",
                "publisher": "Canonical",
                "sku": "18.04-LTS",
                "version": "latest"
              }
            ],
            "tags": null,
            "termination_notification": null,
            "timeouts": null,
            "user_data": "",
            "virtual_machine_id": "573f0357-8377-4772-9bb5-e23264c85e31",
            "virtual_machine_scale_set_id": "",
            "vtpm_enabled": false,
            "zone": ""
          },
          "sensitive_attributes": [],
          "private": "eyJlMmJmYjczMC1lY2FhLTExZTYtOGY4OC0zNDM2M2JjN2M0YzAiOnsiY3JlYXRlIjoyNzAwMDAwMDAwMDAwLCJkZWxldGUiOjI3MDAwMDAwMDAwMDAsInJlYWQiOjMwMDAwMDAwMDAwMCwidXBkYXRlIjoyNzAwMDAwMDAwMDAwfX0=",
          "dependencies": [
            "module.network.azurerm_subnet.test",
            "module.network.azurerm_virtual_network.test",
            "module.publicip.azurerm_network_interface.myterraformnic",
            "module.publicip.azurerm_public_ip.test",
            "module.security.tls_private_key.example_ssh",
            "module.vm.azurerm_storage_account.mystorageaccount",
            "module.vm.random_id.randomId"
          ]
        }
      ]
    },
    {
      "module": "module.vm",
      "mode": "managed",
      "type": "azurerm_storage_account",
      "name": "mystorageaccount",
      "provider": "provider[\"registry.terraform.io/hashicorp/azurerm\"]",
      "instances": [
        {
          "schema_version": 3,
          "attributes": {
            "access_tier": "Hot",
            "account_kind": "StorageV2",
            "account_replication_type": "LRS",
            "account_tier": "Standard",
            "allow_nested_items_to_be_public": true,
            "azure_files_authentication": [],
            "blob_properties": [
              {
                "change_feed_enabled": false,
                "container_delete_retention_policy": [],
                "cors_rule": [],
                "default_service_version": "",
                "delete_retention_policy": [],
                "last_access_time_enabled": false,
                "versioning_enabled": false
              }
            ],
            "custom_domain": [],
            "customer_managed_key": [],
            "edge_zone": "",
            "enable_https_traffic_only": true,
            "id": "/subscriptions/c4774376-bc4c-48e6-93eb-c0ac26c6345d/resourceGroups/dan-rodriguez-tm/providers/Microsoft.Storage/storageAccounts/diagf90471bfb8239810",
            "identity": [],
            "infrastructure_encryption_enabled": false,
            "is_hns_enabled": false,
            "large_file_share_enabled": null,
            "location": "eastus",
            "min_tls_version": "TLS1_2",
            "name": "diagf90471bfb8239810",
            "network_rules": [
              {
                "bypass": [
                  "AzureServices"
                ],
                "default_action": "Allow",
                "ip_rules": [],
                "private_link_access": [],
                "virtual_network_subnet_ids": []
              }
            ],
            "nfsv3_enabled": false,
            "primary_access_key": "6WrCV9YEiQhzWUUL3RNwDZk/u7PxXf0++VRsxMYRRHzgzJm08JPQ8Bk7Nteevpvot4C5dSfeaMS4+AStVmLzmA==",
            "primary_blob_connection_string": "DefaultEndpointsProtocol=https;BlobEndpoint=https://diagf90471bfb8239810.blob.core.windows.net/;AccountName=diagf90471bfb8239810;AccountKey=6WrCV9YEiQhzWUUL3RNwDZk/u7PxXf0++VRsxMYRRHzgzJm08JPQ8Bk7Nteevpvot4C5dSfeaMS4+AStVmLzmA==",
            "primary_blob_endpoint": "https://diagf90471bfb8239810.blob.core.windows.net/",
            "primary_blob_host": "diagf90471bfb8239810.blob.core.windows.net",
            "primary_connection_string": "DefaultEndpointsProtocol=https;AccountName=diagf90471bfb8239810;AccountKey=6WrCV9YEiQhzWUUL3RNwDZk/u7PxXf0++VRsxMYRRHzgzJm08JPQ8Bk7Nteevpvot4C5dSfeaMS4+AStVmLzmA==;EndpointSuffix=core.windows.net",
            "primary_dfs_endpoint": "https://diagf90471bfb8239810.dfs.core.windows.net/",
            "primary_dfs_host": "diagf90471bfb8239810.dfs.core.windows.net",
            "primary_file_endpoint": "https://diagf90471bfb8239810.file.core.windows.net/",
            "primary_file_host": "diagf90471bfb8239810.file.core.windows.net",
            "primary_location": "eastus",
            "primary_queue_endpoint": "https://diagf90471bfb8239810.queue.core.windows.net/",
            "primary_queue_host": "diagf90471bfb8239810.queue.core.windows.net",
            "primary_table_endpoint": "https://diagf90471bfb8239810.table.core.windows.net/",
            "primary_table_host": "diagf90471bfb8239810.table.core.windows.net",
            "primary_web_endpoint": "https://diagf90471bfb8239810.z13.web.core.windows.net/",
            "primary_web_host": "diagf90471bfb8239810.z13.web.core.windows.net",
            "queue_encryption_key_type": "Service",
            "queue_properties": [
              {
                "cors_rule": [],
                "hour_metrics": [
                  {
                    "enabled": true,
                    "include_apis": true,
                    "retention_policy_days": 7,
                    "version": "1.0"
                  }
                ],
                "logging": [
                  {
                    "delete": false,
                    "read": false,
                    "retention_policy_days": 0,
                    "version": "1.0",
                    "write": false
                  }
                ],
                "minute_metrics": [
                  {
                    "enabled": false,
                    "include_apis": false,
                    "retention_policy_days": 0,
                    "version": "1.0"
                  }
                ]
              }
            ],
            "resource_group_name": "dan-rodriguez-tm",
            "routing": [],
            "secondary_access_key": "GFTJf/lWc0ScPV6uj6ZZB7H3CrhpqFOJKxLEtMvwtoFJ+GJTVroeNTI5fRrBFcopsSgjU5WWhW1p+AStvsWfhQ==",
            "secondary_blob_connection_string": "",
            "secondary_blob_endpoint": null,
            "secondary_blob_host": null,
            "secondary_connection_string": "DefaultEndpointsProtocol=https;AccountName=diagf90471bfb8239810;AccountKey=GFTJf/lWc0ScPV6uj6ZZB7H3CrhpqFOJKxLEtMvwtoFJ+GJTVroeNTI5fRrBFcopsSgjU5WWhW1p+AStvsWfhQ==;EndpointSuffix=core.windows.net",
            "secondary_dfs_endpoint": null,
            "secondary_dfs_host": null,
            "secondary_file_endpoint": null,
            "secondary_file_host": null,
            "secondary_location": "",
            "secondary_queue_endpoint": null,
            "secondary_queue_host": null,
            "secondary_table_endpoint": null,
            "secondary_table_host": null,
            "secondary_web_endpoint": null,
            "secondary_web_host": null,
            "share_properties": [
              {
                "cors_rule": [],
                "retention_policy": [
                  {
                    "days": 7
                  }
                ],
                "smb": []
              }
            ],
            "shared_access_key_enabled": true,
            "static_website": [],
            "table_encryption_key_type": "Service",
            "tags": null,
            "timeouts": null
          },
          "sensitive_attributes": [],
          "private": "eyJlMmJmYjczMC1lY2FhLTExZTYtOGY4OC0zNDM2M2JjN2M0YzAiOnsiY3JlYXRlIjozNjAwMDAwMDAwMDAwLCJkZWxldGUiOjM2MDAwMDAwMDAwMDAsInJlYWQiOjMwMDAwMDAwMDAwMCwidXBkYXRlIjozNjAwMDAwMDAwMDAwfSwic2NoZW1hX3ZlcnNpb24iOiIzIn0=",
          "dependencies": [
            "module.vm.random_id.randomId"
          ]
        }
      ]
    },
    {
      "module": "module.vm",
      "mode": "managed",
      "type": "random_id",
      "name": "randomId",
      "provider": "provider[\"registry.terraform.io/hashicorp/random\"]",
      "instances": [
        {
          "schema_version": 0,
          "attributes": {
            "b64_std": "+QRxv7gjmBA=",
            "b64_url": "-QRxv7gjmBA",
            "byte_length": 8,
            "dec": "17943591883592931344",
            "hex": "f90471bfb8239810",
            "id": "-QRxv7gjmBA",
            "keepers": {
              "resource_group": "dan-rodriguez-tm"
            },
            "prefix": null
          },
          "sensitive_attributes": [],
          "private": "bnVsbA=="
        }
      ]
    }
  ]
}
